
Microsoft Visual Studio Solution File, Format Version 12.00
# Visual Studio Version 17
VisualStudioVersion = 17.3.32922.545
MinimumVisualStudioVersion = 10.0.40219.1
Project("{FAE04EC0-301F-11D3-BF4B-00C04F79EFBC}") = "CVApp", "CVApp\CVApp.csproj", "{BBD8AF5B-C256-4371-8991-908C1AF7251E}"
EndProject
Global
	GlobalSection(SolutionConfigurationPlatforms) = preSolution
		Debug|Any CPU = Debug|Any CPU
		Release|Any CPU = Release|Any CPU
	EndGlobalSection
	GlobalSection(ProjectConfigurationPlatforms) = postSolution
		{BBD8AF5B-C256-4371-8991-908C1AF7251E}.Debug|Any CPU.ActiveCfg = Debug|Any CPU
		{BBD8AF5B-C256-4371-8991-908C1AF7251E}.Debug|Any CPU.Build.0 = Debug|Any CPU
		{BBD8AF5B-C256-4371-8991-908C1AF7251E}.Release|Any CPU.ActiveCfg = Release|Any CPU
		{BBD8AF5B-C256-4371-8991-908C1AF7251E}.Release|Any CPU.Build.0 = Release|Any CPU
	EndGlobalSection
	GlobalSection(SolutionProperties) = preSolution
		HideSolutionNode = FALSE
	EndGlobalSection
	GlobalSection(ExtensibilityGlobals) = postSolution
		SolutionGuid = {32B953D0-6818-4AB8-B121-2D320EEAD51A}
	EndGlobalSection
EndGlobal
